
Microsoft Visual Studio Solution File, Format Version 12.00
# Visual Studio Version 17
VisualStudioVersion = 17.6.33815.320
MinimumVisualStudioVersion = 10.0.40219.1
Project("{8BC9CEB8-8B4A-11D0-8D11-00A0C91BC942}") = "A02-Joseph-Staria", "A02-Joseph-Staria\A02-Joseph-Staria.vcxproj", "{61E8C0A5-93A9-4691-8EF3-2FDC2C2830F9}"
EndProject
Project("{8BC9CEB8-8B4A-11D0-8D11-00A0C91BC942}") = "A02-Joseph-Staria1", "A02-Joseph-Staria1\A02-Joseph-Staria1.vcxproj", "{B3334988-C8F7-4AA2-9145-824F5757FE4B}"
EndProject
Project("{8BC9CEB8-8B4A-11D0-8D11-00A0C91BC942}") = "ExampleOO", "ExampleOO\ExampleOO.vcxproj", "{59C5EBA0-41A4-44A2-AD31-874E0E058576}"
EndProject
Global
	GlobalSection(SolutionConfigurationPlatforms) = preSolution
		Debug|x64 = Debug|x64
		Debug|x86 = Debug|x86
		Release|x64 = Release|x64
		Release|x86 = Release|x86
	EndGlobalSection
	GlobalSection(ProjectConfigurationPlatforms) = postSolution
		{61E8C0A5-93A9-4691-8EF3-2FDC2C2830F9}.Debug|x64.ActiveCfg = Debug|x64
		{61E8C0A5-93A9-4691-8EF3-2FDC2C2830F9}.Debug|x64.Build.0 = Debug|x64
		{61E8C0A5-93A9-4691-8EF3-2FDC2C2830F9}.Debug|x86.ActiveCfg = Debug|Win32
		{61E8C0A5-93A9-4691-8EF3-2FDC2C2830F9}.Debug|x86.Build.0 = Debug|Win32
		{61E8C0A5-93A9-4691-8EF3-2FDC2C2830F9}.Release|x64.ActiveCfg = Release|x64
		{61E8C0A5-93A9-4691-8EF3-2FDC2C2830F9}.Release|x64.Build.0 = Release|x64
		{61E8C0A5-93A9-4691-8EF3-2FDC2C2830F9}.Release|x86.ActiveCfg = Release|Win32
		{61E8C0A5-93A9-4691-8EF3-2FDC2C2830F9}.Release|x86.Build.0 = Release|Win32
		{B3334988-C8F7-4AA2-9145-824F5757FE4B}.Debug|x64.ActiveCfg = Debug|x64
		{B3334988-C8F7-4AA2-9145-824F5757FE4B}.Debug|x64.Build.0 = Debug|x64
		{B3334988-C8F7-4AA2-9145-824F5757FE4B}.Debug|x86.ActiveCfg = Debug|Win32
		{B3334988-C8F7-4AA2-9145-824F5757FE4B}.Debug|x86.Build.0 = Debug|Win32
		{B3334988-C8F7-4AA2-9145-824F5757FE4B}.Release|x64.ActiveCfg = Release|x64
		{B3334988-C8F7-4AA2-9145-824F5757FE4B}.Release|x64.Build.0 = Release|x64
		{B3334988-C8F7-4AA2-9145-824F5757FE4B}.Release|x86.ActiveCfg = Release|Win32
		{B3334988-C8F7-4AA2-9145-824F5757FE4B}.Release|x86.Build.0 = Release|Win32
		{59C5EBA0-41A4-44A2-AD31-874E0E058576}.Debug|x64.ActiveCfg = Debug|x64
		{59C5EBA0-41A4-44A2-AD31-874E0E058576}.Debug|x64.Build.0 = Debug|x64
		{59C5EBA0-41A4-44A2-AD31-874E0E058576}.Debug|x86.ActiveCfg = Debug|Win32
		{59C5EBA0-41A4-44A2-AD31-874E0E058576}.Debug|x86.Build.0 = Debug|Win32
		{59C5EBA0-41A4-44A2-AD31-874E0E058576}.Release|x64.ActiveCfg = Release|x64
		{59C5EBA0-41A4-44A2-AD31-874E0E058576}.Release|x64.Build.0 = Release|x64
		{59C5EBA0-41A4-44A2-AD31-874E0E058576}.Release|x86.ActiveCfg = Release|Win32
		{59C5EBA0-41A4-44A2-AD31-874E0E058576}.Release|x86.Build.0 = Release|Win32
	EndGlobalSection
	GlobalSection(SolutionProperties) = preSolution
		HideSolutionNode = FALSE
	EndGlobalSection
	GlobalSection(ExtensibilityGlobals) = postSolution
		SolutionGuid = {8B9F8ECF-CAA2-4381-A3C0-DF0720CF1D64}
	EndGlobalSection
EndGlobal
